
Microsoft Visual Studio Solution File, Format Version 12.00
# Visual Studio Version 16
VisualStudioVersion = 16.0.810.16
MinimumVisualStudioVersion = 10.0.40219.1
Project("{FAE04EC0-301F-11D3-BF4B-00C04F79EFBC}") = "dotnet.linter", "dotnet.linter\dotnet.linter.csproj", "{96FC5017-442D-4CF3-917B-F72789941C42}"
EndProject
Global
	GlobalSection(SolutionConfigurationPlatforms) = preSolution
		Debug|Any CPU = Debug|Any CPU
		Release|Any CPU = Release|Any CPU
	EndGlobalSection
	GlobalSection(ProjectConfigurationPlatforms) = postSolution
		{96FC5017-442D-4CF3-917B-F72789941C42}.Debug|Any CPU.ActiveCfg = Debug|Any CPU
		{96FC5017-442D-4CF3-917B-F72789941C42}.Debug|Any CPU.Build.0 = Debug|Any CPU
		{96FC5017-442D-4CF3-917B-F72789941C42}.Release|Any CPU.ActiveCfg = Release|Any CPU
		{96FC5017-442D-4CF3-917B-F72789941C42}.Release|Any CPU.Build.0 = Release|Any CPU
	EndGlobalSection
	GlobalSection(SolutionProperties) = preSolution
		HideSolutionNode = FALSE
	EndGlobalSection
	GlobalSection(ExtensibilityGlobals) = postSolution
		SolutionGuid = {F6C40397-6F59-47F4-8E6A-860DF7AF8974}
	EndGlobalSection
EndGlobal
