
Microsoft Visual Studio Solution File, Format Version 12.00
# Visual Studio Version 16
VisualStudioVersion = 16.0.810.16
MinimumVisualStudioVersion = 10.0.40219.1
Project("{FAE04EC0-301F-11D3-BF4B-00C04F79EFBC}") = "SyntaxTransformer", "SyntaxTransformer\SyntaxTransformer.csproj", "{0A573E09-899C-45AC-8759-ED08F26029E8}"
EndProject
Global
	GlobalSection(SolutionProperties) = preSolution
		HideSolutionNode = FALSE
	EndGlobalSection
	GlobalSection(ExtensibilityGlobals) = postSolution
		SolutionGuid = {F6C40397-6F59-47F4-8E6A-860DF7AF8974}
	EndGlobalSection
	GlobalSection(SolutionConfigurationPlatforms) = preSolution
		Debug|Any CPU = Debug|Any CPU
		Debug|x64 = Debug|x64
		Debug|x86 = Debug|x86
		Release|Any CPU = Release|Any CPU
		Release|x64 = Release|x64
		Release|x86 = Release|x86
	EndGlobalSection
	GlobalSection(ProjectConfigurationPlatforms) = postSolution
		{0A573E09-899C-45AC-8759-ED08F26029E8}.Debug|Any CPU.ActiveCfg = Debug|Any CPU
		{0A573E09-899C-45AC-8759-ED08F26029E8}.Debug|Any CPU.Build.0 = Debug|Any CPU
		{0A573E09-899C-45AC-8759-ED08F26029E8}.Debug|x64.ActiveCfg = Debug|Any CPU
		{0A573E09-899C-45AC-8759-ED08F26029E8}.Debug|x64.Build.0 = Debug|Any CPU
		{0A573E09-899C-45AC-8759-ED08F26029E8}.Debug|x86.ActiveCfg = Debug|Any CPU
		{0A573E09-899C-45AC-8759-ED08F26029E8}.Debug|x86.Build.0 = Debug|Any CPU
		{0A573E09-899C-45AC-8759-ED08F26029E8}.Release|Any CPU.ActiveCfg = Release|Any CPU
		{0A573E09-899C-45AC-8759-ED08F26029E8}.Release|Any CPU.Build.0 = Release|Any CPU
		{0A573E09-899C-45AC-8759-ED08F26029E8}.Release|x64.ActiveCfg = Release|Any CPU
		{0A573E09-899C-45AC-8759-ED08F26029E8}.Release|x64.Build.0 = Release|Any CPU
		{0A573E09-899C-45AC-8759-ED08F26029E8}.Release|x86.ActiveCfg = Release|Any CPU
		{0A573E09-899C-45AC-8759-ED08F26029E8}.Release|x86.Build.0 = Release|Any CPU
	EndGlobalSection
EndGlobal
